github.com/VividCortex/ewma v1.1.1 h1:MnEK4VOv6n0RSY4vtRe3h11qjxL3+t0B8yOL8iMXdcM=
github.com/VividCortex/ewma v1.1.1/go.mod h1:2Tkkvm3sRDVXaiyucHiACn4cqf7DpdyLvmxzcbUokwA=
github.com/davecgh/go-spew v1.1.0 h1:ZDRjVQ15GmhC3fiQ8ni8+OwkZQO4DARzQgrnXU1Liz8=
github.com/davecgh/go-spew v1.1.0/go.mod h1:J7Y8YcW2NihsgmVo/mv3lAwl/skON4iLHjSsI+c5H38=
github.com/dcos/dcos v0.0.0-20180831120130-4d17ad806c1b h1:QCiGv37nsNw/UdQ5WHpwuiCAbIndgyDNKoFjqfvQ2+4=
github.com/dcos/dcos-cli v0.0.0-20180830165634-cda6e9cfe410 h1:ukh3nKcXFXPHpzuKpSCmidr08fQjZnnKKFE5h9kORro=
github.com/dcos/dcos-cli v0.0.0-20180830165634-cda6e9cfe410/go.mod h1:fg6ZdSW5wXR6xyhguDjmsMvpaUWP/JJhVJbnGmpyMOo=
github.com/dcos/dcos-cli v0.0.0-20190117112155-be9e423766fe h1:QWCPmPWW3qCORLPfOcNB2DaGNvQh0C1XVVL/zeKyGv0=
github.com/dcos/dcos-cli v0.0.0-20190117112155-be9e423766fe/go.mod h1:/IRs/NUanJblg5zgpVS3eAIcqm2HHIsDrQ8jcGnxVRE=
github.com/dcos/dcos-cli v0.0.0-20190122135555-b6f7887e8aee h1:8yvIA3fbzMU6KMP515nhEU2cRTa+J7KCKmQUEH7JL0I=
github.com/dcos/dcos-cli v0.0.0-20190122135555-b6f7887e8aee/go.mod h1:AQS14aZaWn6dIKmqfhOm5qOuG629DfkkEV0Pbi0ijJA=
github.com/dcos/dcos-core-cli v0.0.0-20180824155600-78703af735ae h1:5fBhzf76AZ7lkHBcf+w9o8mhk8+nkCRxrQMnPQ4nrKc=
github.com/dgrijalva/jwt-go v3.2.0+incompatible h1:7qlOGliEKZXTDg6OTjfoBKDXWrumCAMpl/TFQ4/5kLM=
github.com/dgrijalva/jwt-go v3.2.0+incompatible/go.mod h1:E3ru+11k8xSBh+hMPgOLZmtrrCbhqsmaPHjLKYnJCaQ=
github.com/gogo/protobuf v1.2.0 h1:xU6/SpYbvkNYiptHJYEDRseDLvYE7wSqhYYNy0QSUzI=
github.com/gogo/protobuf v1.2.0/go.mod h1:r8qH/GZQm5c6nD/R0oafs1akxWv10x8SbQlK7atdtwQ=
github.com/golang/protobuf v1.2.0 h1:P3YflyNX/ehuJFLhxviNdFxQPkGK5cDcApsge1SqnvM=
github.com/golang/protobuf v1.2.0/go.mod h1:6lQm79b+lXiMfvg/cZm0SGofjICqVBUtrP5yJMmIC1U=
github.com/inconshreveable/mousetrap v1.0.0 h1:Z8tu5sraLXCXIcARxBp/8cbvlwVa7Z1NHg9XEKhtSvM=
github.com/inconshreveable/mousetrap v1.0.0/go.mod h1:PxqpIevigyE2G7u3NXJIT2ANytuPF1OarO4DADm73n8=
github.com/mattn/go-isatty v0.0.4 h1:bnP0vzxcAdeI1zdubAl5PjU6zsERjGZb7raWodagDYs=
github.com/mattn/go-isatty v0.0.4/go.mod h1:M+lRXTBqGeGNdLjl/ufCoiOlB5xdOkqRJdNxMWT7Zi4=
github.com/mattn/go-runewidth v0.0.2/go.mod h1:LwmH8dsx7+W8Uxz3IHJYH5QSwggIsqBzpuz5H//U1FU=
github.com/mattn/go-runewidth v0.0.3 h1:a+kO+98RDGEfo6asOGMmpodZq4FNtnGP54yps8BzLR4=
github.com/mattn/go-runewidth v0.0.3/go.mod h1:LwmH8dsx7+W8Uxz3IHJYH5QSwggIsqBzpuz5H//U1FU=
github.com/mesos/mesos-go v0.0.8 h1:hiAUHba+ycyZLxDiBUqKs91a0LbHZaAca988LzN19xM=
github.com/mesos/mesos-go v0.0.8/go.mod h1:kPYCMQ9gsOXVAle1OsoY4I1+9kPu8GHkf88aV59fDr4=
github.com/mitchellh/go-homedir v0.0.0-20180801233206-58046073cbff/go.mod h1:SfyaCUpYCn1Vlf4IUYiD9fPX4A5wJrkLzIz1N1q0pr0=
github.com/mitchellh/go-homedir v1.0.0 h1:vKb8ShqSby24Yrqr/yDYkuFz8d0WUjys40rvnGC8aR0=
github.com/mitchellh/go-homedir v1.0.0/go.mod h1:SfyaCUpYCn1Vlf4IUYiD9fPX4A5wJrkLzIz1N1q0pr0=
github.com/olekukonko/tablewriter v0.0.0-20180130162743-b8a9be070da4/go.mod h1:vsDQFd/mU46D+Z4whnwzcISnGGzXWMclvtLoiIKAKIo=
github.com/olekukonko/tablewriter v0.0.0-20180506121414-d4647c9c7a84 h1:fiKJgB4JDUd43CApkmCeTSQlWjtTtABrU2qsgbuP0BI=
github.com/olekukonko/tablewriter v0.0.0-20180506121414-d4647c9c7a84/go.mod h1:vsDQFd/mU46D+Z4whnwzcISnGGzXWMclvtLoiIKAKIo=
github.com/pelletier/go-toml v1.1.0/go.mod h1:5z9KED0ma1S8pY6P1sdut58dfprrGBbd/94hg7ilaic=
github.com/pelletier/go-toml v1.2.0 h1:T5zMGML61Wp+FlcbWjRDT7yAxhJNAiPPLOFECq181zc=
github.com/pelletier/go-toml v1.2.0/go.mod h1:5z9KED0ma1S8pY6P1sdut58dfprrGBbd/94hg7ilaic=
github.com/pmezard/go-difflib v1.0.0 h1:4DBwDE0NGyQoBHbLQYPwSUPoCMWR5BEzIk/f1lZbAQM=
github.com/pmezard/go-difflib v1.0.0/go.mod h1:iKH77koFhYxTK1pcRnkKkqfTogsbg7gZNVY4sRDYZ/4=
github.com/pquerna/ffjson v0.0.0-20181028064349-e517b90714f7 h1:gGBSHPOU7g8YjTbhwn+lvFm2VDEhhA+PwDIlstkgSxE=
github.com/pquerna/ffjson v0.0.0-20181028064349-e517b90714f7/go.mod h1:YARuvh7BUWHNhzDq2OM5tzR2RiCcN2D7sapiKyCel/M=
github.com/sirupsen/logrus v1.0.5/go.mod h1:pMByvHTf9Beacp5x1UXfOR9xyW/9antXMhjMPG0dEzc=
github.com/sirupsen/logrus v1.0.6 h1:hcP1GmhGigz/O7h1WVUM5KklBp1JoNS9FggWKdj/j3s=
github.com/sirupsen/logrus v1.0.6/go.mod h1:pMByvHTf9Beacp5x1UXfOR9xyW/9antXMhjMPG0dEzc=
github.com/spf13/afero v1.1.0/go.mod h1:j4pytiNVoe2o6bmDsKpLACNPDBIoEAkihy7loJ1B0CQ=
github.com/spf13/afero v1.1.1 h1:Lt3ihYMlE+lreX1GS4Qw4ZsNpYQLxIXKBTEOXm3nt6I=
github.com/spf13/afero v1.1.1/go.mod h1:j4pytiNVoe2o6bmDsKpLACNPDBIoEAkihy7loJ1B0CQ=
github.com/spf13/cast v1.2.0 h1:HHl1DSRbEQN2i8tJmtS6ViPyHx35+p51amrdsiTCrkg=
github.com/spf13/cast v1.2.0/go.mod h1:r2rcYCSwa1IExKTDiTfzaxqT2FNHs8hODu4LnUfgKEg=
github.com/spf13/cobra v0.0.2 h1:NfkwRbgViGoyjBKsLI0QMDcuMnhM+SBg3T0cGfpvKDE=
github.com/spf13/cobra v0.0.2/go.mod h1:1l0Ry5zgKvJasoi3XT1TypsSe7PqH0Sj9dhYf7v3XqQ=
github.com/spf13/pflag v1.0.1 h1:aCvUg6QPl3ibpQUxyLkrEkCHtPqYJL4x9AuhqVqFis4=
github.com/spf13/pflag v1.0.1/go.mod h1:DYY7MBk1bdzusC3SYhjObp+wFpr4gzcvqqNjLnInEg4=
github.com/stretchr/testify v1.2.1 h1:52QO5WkIUcHGIR7EnGagH88x1bUzqGXTC5/1bDTUQ7U=
github.com/stretchr/testify v1.2.1/go.mod h1:a8OnRcib4nhh0OaRAV+Yts87kKdq0PP7pXfy6kDkUVs=
github.com/vbauerster/mpb v3.3.3+incompatible h1:4Z/exoN1+T4SKkYQbv5gcszEKnbw3IJ75q3OkoRvu1E=
github.com/vbauerster/mpb v3.3.3+incompatible/go.mod h1:zAHG26FUhVKETRu+MWqYXcI70POlC6N8up9p1dID7SU=
golang.org/x/crypto v0.0.0-20180411161317-d6449816ce06/go.mod h1:6SG95UA2DQfeDnfUPMdvaQW0Q7yPrPDi9nlGo2tz2b4=
golang.org/x/crypto v0.0.0-20180830192347-182538f80094 h1:rVTAlhYa4+lCfNxmAIEOGQRoD23UqP72M3+rSWVGDTg=
golang.org/x/crypto v0.0.0-20180830192347-182538f80094/go.mod h1:6SG95UA2DQfeDnfUPMdvaQW0Q7yPrPDi9nlGo2tz2b4=
golang.org/x/sys v0.0.0-20180417080122-b126b21c05a9/go.mod h1:STP8DvDyc/dI5b8T5hshtkjS+E42TnysNCUPdjciGhY=
golang.org/x/sys v0.0.0-20180831094639-fa5fdf94c789 h1:T8D7l6WB3tLu+VpKvw06ieD/OhBi1XpJmG1U/FtttZg=
golang.org/x/sys v0.0.0-20180831094639-fa5fdf94c789/go.mod h1:STP8DvDyc/dI5b8T5hshtkjS+E42TnysNCUPdjciGhY=
golang.org/x/text v0.3.0 h1:g61tztE5qeGQ89tm6NTjjM9VPIm088od1l6aSorWRWg=
golang.org/x/text v0.3.0/go.mod h1:NqM8EUOU14njkJ3fqMW+pc6Ldnwhi/IjpwHt7yyuwOQ=
